
Microsoft Visual Studio Solution File, Format Version 12.00
# Visual Studio Version 17
VisualStudioVersion = 17.7.34031.279
MinimumVisualStudioVersion = 10.0.40219.1
Project("{FAE04EC0-301F-11D3-BF4B-00C04F79EFBC}") = "WinFormsApp1", "WinFormsApp1\WinFormsApp1.csproj", "{9F3F8A55-AED9-4F6F-A2CF-D2C29FA48070}"
EndProject
Global
	GlobalSection(SolutionConfigurationPlatforms) = preSolution
		Debug|Any CPU = Debug|Any CPU
		Release|Any CPU = Release|Any CPU
	EndGlobalSection
	GlobalSection(ProjectConfigurationPlatforms) = postSolution
		{9F3F8A55-AED9-4F6F-A2CF-D2C29FA48070}.Debug|Any CPU.ActiveCfg = Debug|Any CPU
		{9F3F8A55-AED9-4F6F-A2CF-D2C29FA48070}.Debug|Any CPU.Build.0 = Debug|Any CPU
		{9F3F8A55-AED9-4F6F-A2CF-D2C29FA48070}.Release|Any CPU.ActiveCfg = Release|Any CPU
		{9F3F8A55-AED9-4F6F-A2CF-D2C29FA48070}.Release|Any CPU.Build.0 = Release|Any CPU
	EndGlobalSection
	GlobalSection(SolutionProperties) = preSolution
		HideSolutionNode = FALSE
	EndGlobalSection
	GlobalSection(ExtensibilityGlobals) = postSolution
		SolutionGuid = {38F44F85-2B02-4D4F-8318-AAA0C94F7C64}
	EndGlobalSection
EndGlobal
